
Microsoft Visual Studio Solution File, Format Version 12.00
# Visual Studio 14
VisualStudioVersion = 14.0.25420.1
MinimumVisualStudioVersion = 10.0.40219.1
Project("{FAE04EC0-301F-11D3-BF4B-00C04F79EFBC}") = "DesktopVoiceAssistant", "DesktopVoiceAssistant\DesktopVoiceAssistant.csproj", "{632F316D-6EE1-4E50-AF0D-1ED8BA63A428}"
EndProject
Global
	GlobalSection(SolutionConfigurationPlatforms) = preSolution
		Debug|Any CPU = Debug|Any CPU
		Release|Any CPU = Release|Any CPU
	EndGlobalSection
	GlobalSection(ProjectConfigurationPlatforms) = postSolution
		{632F316D-6EE1-4E50-AF0D-1ED8BA63A428}.Debug|Any CPU.ActiveCfg = Debug|Any CPU
		{632F316D-6EE1-4E50-AF0D-1ED8BA63A428}.Debug|Any CPU.Build.0 = Debug|Any CPU
		{632F316D-6EE1-4E50-AF0D-1ED8BA63A428}.Release|Any CPU.ActiveCfg = Release|Any CPU
		{632F316D-6EE1-4E50-AF0D-1ED8BA63A428}.Release|Any CPU.Build.0 = Release|Any CPU
	EndGlobalSection
	GlobalSection(SolutionProperties) = preSolution
		HideSolutionNode = FALSE
	EndGlobalSection
EndGlobal
